
Microsoft Visual Studio Solution File, Format Version 12.00
# Visual Studio 14
VisualStudioVersion = 14.0.25420.1
MinimumVisualStudioVersion = 10.0.40219.1
Project("{FAE04EC0-301F-11D3-BF4B-00C04F79EFBC}") = "Leanix GUI", "Leanix GUI\Leanix GUI.csproj", "{1F779F8D-6F9B-4EB2-A167-FEB08F7E3568}"
EndProject
Global
	GlobalSection(SolutionConfigurationPlatforms) = preSolution
		Debug|Any CPU = Debug|Any CPU
		Release|Any CPU = Release|Any CPU
	EndGlobalSection
	GlobalSection(ProjectConfigurationPlatforms) = postSolution
		{1F779F8D-6F9B-4EB2-A167-FEB08F7E3568}.Debug|Any CPU.ActiveCfg = Debug|Any CPU
		{1F779F8D-6F9B-4EB2-A167-FEB08F7E3568}.Debug|Any CPU.Build.0 = Debug|Any CPU
		{1F779F8D-6F9B-4EB2-A167-FEB08F7E3568}.Release|Any CPU.ActiveCfg = Release|Any CPU
		{1F779F8D-6F9B-4EB2-A167-FEB08F7E3568}.Release|Any CPU.Build.0 = Release|Any CPU
	EndGlobalSection
	GlobalSection(SolutionProperties) = preSolution
		HideSolutionNode = FALSE
	EndGlobalSection
EndGlobal
